// !$*UTF8*$!
{
	archiveVersion = 1;
	classes = {
	};
	objectVersion = 46;
	objects = {

/* Begin PBXBuildFile section */
		2D22B8A615A4864F00796C84 /* icon114.png in Resources */ = {isa = PBXBuildFile; fileRef = 2D22B8A515A4864F00796C84 /* icon114.png */; };
		2D22B8A815A4865F00796C84 /* icon57.png in Resources */ = {isa = PBXBuildFile; fileRef = 2D22B8A715A4865F00796C84 /* icon57.png */; };
		2D2B41C9156934150034487E /* appBackground.jpg in Resources */ = {isa = PBXBuildFile; fileRef = 2D2B41C8156934150034487E /* appBackground.jpg */; };
		2D3D06F415A34D7B00B3A70C /* splash.png in Resources */ = {isa = PBXBuildFile; fileRef = 2D3D06F315A34D7B00B3A70C /* splash.png */; };
		2D3D06F715A34DA900B3A70C /* splash2.png in Resources */ = {isa = PBXBuildFile; fileRef = 2D3D06F615A34DA900B3A70C /* splash2.png */; };
		2D3D06F915A34DB100B3A70C /* backgroundNew.png in Resources */ = {isa = PBXBuildFile; fileRef = 2D3D06F815A34DB100B3A70C /* backgroundNew.png */; };
		2D46A1651588F42300CCB8A7 /* AUIAnimatableLabel.m in Sources */ = {isa = PBXBuildFile; fileRef = 2D46A1621588F42300CCB8A7 /* AUIAnimatableLabel.m */; settings = {COMPILER_FLAGS = "-fno-objc-arc"; }; };
		2D46A1661588F42300CCB8A7 /* UIFont+CoreTextExtensions.m in Sources */ = {isa = PBXBuildFile; fileRef = 2D46A1641588F42300CCB8A7 /* UIFont+CoreTextExtensions.m */; settings = {COMPILER_FLAGS = "-fno-objc-arc"; }; };
		2D46A1681588F68800CCB8A7 /* CoreText.framework in Frameworks */ = {isa = PBXBuildFile; fileRef = 2D46A1671588F68800CCB8A7 /* CoreText.framework */; };
		2D46A16A1588F69B00CCB8A7 /* QuartzCore.framework in Frameworks */ = {isa = PBXBuildFile; fileRef = 2D46A1691588F69B00CCB8A7 /* QuartzCore.framework */; };
		2D50D98E1599FF5A0099DDE3 /* backgroundTwo.png in Resources */ = {isa = PBXBuildFile; fileRef = 2D50D98D1599FF5A0099DDE3 /* backgroundTwo.png */; };
		2D569E11159F12860029B6AA /* filteredMovies.json in Resources */ = {isa = PBXBuildFile; fileRef = 2D569E10159F12850029B6AA /* filteredMovies.json */; };
		2D569E15159F1AE50029B6AA /* newBackgroundTwo.png in Resources */ = {isa = PBXBuildFile; fileRef = 2D569E14159F1AE50029B6AA /* newBackgroundTwo.png */; };
		2D569E17159F1BBB0029B6AA /* newBackgroundThree.png in Resources */ = {isa = PBXBuildFile; fileRef = 2D569E16159F1BBB0029B6AA /* newBackgroundThree.png */; };
		2D569E19159F23590029B6AA /* SystemConfiguration.framework in Frameworks */ = {isa = PBXBuildFile; fileRef = 2D569E18159F23590029B6AA /* SystemConfiguration.framework */; };
		2D569E4E159F26780029B6AA /* NSObject+SBJSON.m in Sources */ = {isa = PBXBuildFile; fileRef = 2D569E3D159F26780029B6AA /* NSObject+SBJSON.m */; settings = {COMPILER_FLAGS = "-fno-objc-arc"; }; };
		2D569E4F159F26780029B6AA /* NSString+SBJSON.m in Sources */ = {isa = PBXBuildFile; fileRef = 2D569E3F159F26780029B6AA /* NSString+SBJSON.m */; settings = {COMPILER_FLAGS = "-fno-objc-arc"; }; };
		2D569E50159F26780029B6AA /* SBJSON.m in Sources */ = {isa = PBXBuildFile; fileRef = 2D569E41159F26780029B6AA /* SBJSON.m */; settings = {COMPILER_FLAGS = "-fno-objc-arc"; }; };
		2D569E51159F26780029B6AA /* SBJsonBase.m in Sources */ = {isa = PBXBuildFile; fileRef = 2D569E43159F26780029B6AA /* SBJsonBase.m */; settings = {COMPILER_FLAGS = "-fno-objc-arc"; }; };
		2D569E52159F26780029B6AA /* SBJsonParser.m in Sources */ = {isa = PBXBuildFile; fileRef = 2D569E45159F26780029B6AA /* SBJsonParser.m */; settings = {COMPILER_FLAGS = "-fno-objc-arc"; }; };
		2D569E53159F26780029B6AA /* SBJsonWriter.m in Sources */ = {isa = PBXBuildFile; fileRef = 2D569E47159F26780029B6AA /* SBJsonWriter.m */; settings = {COMPILER_FLAGS = "-fno-objc-arc"; }; };
		2D569E64159F30490029B6AA /* Reachability.m in Sources */ = {isa = PBXBuildFile; fileRef = 2D569E63159F30490029B6AA /* Reachability.m */; };
		2D877F0A15762970007B3A5A /* Movie.m in Sources */ = {isa = PBXBuildFile; fileRef = 2D877F0915762970007B3A5A /* Movie.m */; };
		2D918AAB156DC9D200330AF2 /* SimilarMovies.m in Sources */ = {isa = PBXBuildFile; fileRef = 2D918AAA156DC9D200330AF2 /* SimilarMovies.m */; };
		2D9F05921591BE27002DD160 /* Genre.m in Sources */ = {isa = PBXBuildFile; fileRef = 2D9F05911591BE27002DD160 /* Genre.m */; };
		2DB2BE15156680AC00D6E422 /* TmdbApiClient.m in Sources */ = {isa = PBXBuildFile; fileRef = 2DB2BE14156680AC00D6E422 /* TmdbApiClient.m */; };
		2DDA9B7E158C158F0060FF6A /* GameKit.framework in Frameworks */ = {isa = PBXBuildFile; fileRef = 2DDA9B7D158C158F0060FF6A /* GameKit.framework */; };
		2DDA9B88158C50AF0060FF6A /* GameCenterManager.m in Sources */ = {isa = PBXBuildFile; fileRef = 2DDA9B87158C50AF0060FF6A /* GameCenterManager.m */; settings = {COMPILER_FLAGS = "-fno-objc-arc"; }; };
		2DDA9B98158D97790060FF6A /* iAd.framework in Frameworks */ = {isa = PBXBuildFile; fileRef = 2DDA9B97158D97790060FF6A /* iAd.framework */; };
		2DE191BC1563AF18005FBF0A /* UIKit.framework in Frameworks */ = {isa = PBXBuildFile; fileRef = 2DE191BB1563AF18005FBF0A /* UIKit.framework */; };
		2DE191BE1563AF18005FBF0A /* Foundation.framework in Frameworks */ = {isa = PBXBuildFile; fileRef = 2DE191BD1563AF18005FBF0A /* Foundation.framework */; };
		2DE191C01563AF18005FBF0A /* CoreGraphics.framework in Frameworks */ = {isa = PBXBuildFile; fileRef = 2DE191BF1563AF18005FBF0A /* CoreGraphics.framework */; };
		2DE191C61563AF18005FBF0A /* InfoPlist.strings in Resources */ = {isa = PBXBuildFile; fileRef = 2DE191C41563AF18005FBF0A /* InfoPlist.strings */; };
		2DE191C81563AF18005FBF0A /* main.m in Sources */ = {isa = PBXBuildFile; fileRef = 2DE191C71563AF18005FBF0A /* main.m */; };
		2DE191CC1563AF18005FBF0A /* MatchMovieAppDelegate.m in Sources */ = {isa = PBXBuildFile; fileRef = 2DE191CB1563AF18005FBF0A /* MatchMovieAppDelegate.m */; };
		2DE191CF1563AF18005FBF0A /* MainStoryboard.storyboard in Resources */ = {isa = PBXBuildFile; fileRef = 2DE191CD1563AF18005FBF0A /* MainStoryboard.storyboard */; };
		2DE191D21563AF18005FBF0A /* MatchMovieViewController.m in Sources */ = {isa = PBXBuildFile; fileRef = 2DE191D11563AF18005FBF0A /* MatchMovieViewController.m */; };
		2DE191DA1563C2F1005FBF0A /* GamePageViewController.m in Sources */ = {isa = PBXBuildFile; fileRef = 2DE191D91563C2F1005FBF0A /* GamePageViewController.m */; };
		2DE191F11563ED1F005FBF0A /* AFHTTPClient.m in Sources */ = {isa = PBXBuildFile; fileRef = 2DE191DD1563ED1F005FBF0A /* AFHTTPClient.m */; settings = {COMPILER_FLAGS = "-fno-objc-arc"; }; };
		2DE191F21563ED1F005FBF0A /* AFHTTPRequestOperation.m in Sources */ = {isa = PBXBuildFile; fileRef = 2DE191DF1563ED1F005FBF0A /* AFHTTPRequestOperation.m */; settings = {COMPILER_FLAGS = "-fno-objc-arc"; }; };
		2DE191F31563ED1F005FBF0A /* AFImageRequestOperation.m in Sources */ = {isa = PBXBuildFile; fileRef = 2DE191E11563ED1F005FBF0A /* AFImageRequestOperation.m */; settings = {COMPILER_FLAGS = "-fno-objc-arc"; }; };
		2DE191F41563ED1F005FBF0A /* AFJSONRequestOperation.m in Sources */ = {isa = PBXBuildFile; fileRef = 2DE191E31563ED1F005FBF0A /* AFJSONRequestOperation.m */; settings = {COMPILER_FLAGS = "-fno-objc-arc"; }; };
		2DE191F51563ED1F005FBF0A /* AFJSONUtilities.m in Sources */ = {isa = PBXBuildFile; fileRef = 2DE191E51563ED1F005FBF0A /* AFJSONUtilities.m */; settings = {COMPILER_FLAGS = "-fno-objc-arc"; }; };
		2DE191F61563ED1F005FBF0A /* AFNetworkActivityIndicatorManager.m in Sources */ = {isa = PBXBuildFile; fileRef = 2DE191E71563ED1F005FBF0A /* AFNetworkActivityIndicatorManager.m */; settings = {COMPILER_FLAGS = "-fno-objc-arc"; }; };
		2DE191F71563ED1F005FBF0A /* AFPropertyListRequestOperation.m in Sources */ = {isa = PBXBuildFile; fileRef = 2DE191EA1563ED1F005FBF0A /* AFPropertyListRequestOperation.m */; settings = {COMPILER_FLAGS = "-fno-objc-arc"; }; };
		2DE191F81563ED1F005FBF0A /* AFURLConnectionOperation.m in Sources */ = {isa = PBXBuildFile; fileRef = 2DE191EC1563ED1F005FBF0A /* AFURLConnectionOperation.m */; settings = {COMPILER_FLAGS = "-fno-objc-arc"; }; };
		2DE191F91563ED1F005FBF0A /* AFXMLRequestOperation.m in Sources */ = {isa = PBXBuildFile; fileRef = 2DE191EE1563ED1F005FBF0A /* AFXMLRequestOperation.m */; settings = {COMPILER_FLAGS = "-fno-objc-arc"; }; };
		2DE191FA1563ED1F005FBF0A /* UIImageView+AFNetworking.m in Sources */ = {isa = PBXBuildFile; fileRef = 2DE191F01563ED1F005FBF0A /* UIImageView+AFNetworking.m */; settings = {COMPILER_FLAGS = "-fno-objc-arc"; }; };
		2DEC1B951597436D003A45A3 /* Default@2x.png in Resources */ = {isa = PBXBuildFile; fileRef = 2DEC1B941597436C003A45A3 /* Default@2x.png */; };
		2DEC1B9915988223003A45A3 /* leaderBoardButtonImage.png in Resources */ = {isa = PBXBuildFile; fileRef = 2DEC1B9815988223003A45A3 /* leaderBoardButtonImage.png */; };
		2DEC1B9B15988301003A45A3 /* achievementsButtonBackground.png in Resources */ = {isa = PBXBuildFile; fileRef = 2DEC1B9A15988301003A45A3 /* achievementsButtonBackground.png */; };
		2DEC1BA415989BDE003A45A3 /* AboutPageViewController.m in Sources */ = {isa = PBXBuildFile; fileRef = 2DEC1BA315989BDE003A45A3 /* AboutPageViewController.m */; };
		2DF1064815A19935001170CC /* Comments.m in Sources */ = {isa = PBXBuildFile; fileRef = 2DF1064715A19935001170CC /* Comments.m */; };
		2DF1064B15A1F31B001170CC /* leftBlock.png in Resources */ = {isa = PBXBuildFile; fileRef = 2DF1064A15A1F31B001170CC /* leftBlock.png */; };
		2DF1064D15A1F326001170CC /* rightBlock.png in Resources */ = {isa = PBXBuildFile; fileRef = 2DF1064C15A1F326001170CC /* rightBlock.png */; };
		2DF1064F15A30674001170CC /* Default.png in Resources */ = {isa = PBXBuildFile; fileRef = 2DF1064E15A30674001170CC /* Default.png */; };
		2DFAC60015A5ABF1004B6FA7 /* buttonBackgroundG.png in Resources */ = {isa = PBXBuildFile; fileRef = 2DFAC5FF15A5ABF1004B6FA7 /* buttonBackgroundG.png */; };
/* End PBXBuildFile section */

/* Begin PBXFileReference section */
		2D22B8A515A4864F00796C84 /* icon114.png */ = {isa = PBXFileReference; lastKnownFileType = image.png; path = icon114.png; sourceTree = "<group>"; };
		2D22B8A715A4865F00796C84 /* icon57.png */ = {isa = PBXFileReference; lastKnownFileType = image.png; path = icon57.png; sourceTree = "<group>"; };
		2D2B41C8156934150034487E /* appBackground.jpg */ = {isa = PBXFileReference; lastKnownFileType = image.jpeg; path = appBackground.jpg; sourceTree = SOURCE_ROOT; };
		2D3D06F315A34D7B00B3A70C /* splash.png */ = {isa = PBXFileReference; lastKnownFileType = image.png; path = splash.png; sourceTree = "<group>"; };
		2D3D06F615A34DA900B3A70C /* splash2.png */ = {isa = PBXFileReference; lastKnownFileType = image.png; path = splash2.png; sourceTree = "<group>"; };
		2D3D06F815A34DB100B3A70C /* backgroundNew.png */ = {isa = PBXFileReference; lastKnownFileType = image.png; path = backgroundNew.png; sourceTree = "<group>"; };
		2D46A1611588F42300CCB8A7 /* AUIAnimatableLabel.h */ = {isa = PBXFileReference; fileEncoding = 4; lastKnownFileType = sourcecode.c.h; path = AUIAnimatableLabel.h; sourceTree = "<group>"; };
		2D46A1621588F42300CCB8A7 /* AUIAnimatableLabel.m */ = {isa = PBXFileReference; fileEncoding = 4; lastKnownFileType = sourcecode.c.objc; path = AUIAnimatableLabel.m; sourceTree = "<group>"; };
		2D46A1631588F42300CCB8A7 /* UIFont+CoreTextExtensions.h */ = {isa = PBXFileReference; fileEncoding = 4; lastKnownFileType = sourcecode.c.h; path = "UIFont+CoreTextExtensions.h"; sourceTree = "<group>"; };
		2D46A1641588F42300CCB8A7 /* UIFont+CoreTextExtensions.m */ = {isa = PBXFileReference; fileEncoding = 4; lastKnownFileType = sourcecode.c.objc; path = "UIFont+CoreTextExtensions.m"; sourceTree = "<group>"; };
		2D46A1671588F68800CCB8A7 /* CoreText.framework */ = {isa = PBXFileReference; lastKnownFileType = wrapper.framework; name = CoreText.framework; path = System/Library/Frameworks/CoreText.framework; sourceTree = SDKROOT; };
		2D46A1691588F69B00CCB8A7 /* QuartzCore.framework */ = {isa = PBXFileReference; lastKnownFileType = wrapper.framework; name = QuartzCore.framework; path = System/Library/Frameworks/QuartzCore.framework; sourceTree = SDKROOT; };
		2D50D98D1599FF5A0099DDE3 /* backgroundTwo.png */ = {isa = PBXFileReference; lastKnownFileType = image.png; path = backgroundTwo.png; sourceTree = "<group>"; };
		2D569E10159F12850029B6AA /* filteredMovies.json */ = {isa = PBXFileReference; fileEncoding = 4; lastKnownFileType = text.json; path = filteredMovies.json; sourceTree = "<group>"; };
		2D569E14159F1AE50029B6AA /* newBackgroundTwo.png */ = {isa = PBXFileReference; lastKnownFileType = image.png; path = newBackgroundTwo.png; sourceTree = "<group>"; };
		2D569E16159F1BBB0029B6AA /* newBackgroundThree.png */ = {isa = PBXFileReference; lastKnownFileType = image.png; path = newBackgroundThree.png; sourceTree = "<group>"; };
		2D569E18159F23590029B6AA /* SystemConfiguration.framework */ = {isa = PBXFileReference; lastKnownFileType = wrapper.framework; name = SystemConfiguration.framework; path = System/Library/Frameworks/SystemConfiguration.framework; sourceTree = SDKROOT; };
		2D569E3B159F26780029B6AA /* JSON.h */ = {isa = PBXFileReference; fileEncoding = 4; lastKnownFileType = sourcecode.c.h; path = JSON.h; sourceTree = "<group>"; };
		2D569E3C159F26780029B6AA /* NSObject+SBJSON.h */ = {isa = PBXFileReference; fileEncoding = 4; lastKnownFileType = sourcecode.c.h; path = "NSObject+SBJSON.h"; sourceTree = "<group>"; };
		2D569E3D159F26780029B6AA /* NSObject+SBJSON.m */ = {isa = PBXFileReference; fileEncoding = 4; lastKnownFileType = sourcecode.c.objc; path = "NSObject+SBJSON.m"; sourceTree = "<group>"; };
		2D569E3E159F26780029B6AA /* NSString+SBJSON.h */ = {isa = PBXFileReference; fileEncoding = 4; lastKnownFileType = sourcecode.c.h; path = "NSString+SBJSON.h"; sourceTree = "<group>"; };
		2D569E3F159F26780029B6AA /* NSString+SBJSON.m */ = {isa = PBXFileReference; fileEncoding = 4; lastKnownFileType = sourcecode.c.objc; path = "NSString+SBJSON.m"; sourceTree = "<group>"; };
		2D569E40159F26780029B6AA /* SBJSON.h */ = {isa = PBXFileReference; fileEncoding = 4; lastKnownFileType = sourcecode.c.h; path = SBJSON.h; sourceTree = "<group>"; };
		2D569E41159F26780029B6AA /* SBJSON.m */ = {isa = PBXFileReference; fileEncoding = 4; lastKnownFileType = sourcecode.c.objc; path = SBJSON.m; sourceTree = "<group>"; };
		2D569E42159F26780029B6AA /* SBJsonBase.h */ = {isa = PBXFileReference; fileEncoding = 4; lastKnownFileType = sourcecode.c.h; path = SBJsonBase.h; sourceTree = "<group>"; };
		2D569E43159F26780029B6AA /* SBJsonBase.m */ = {isa = PBXFileReference; fileEncoding = 4; lastKnownFileType = sourcecode.c.objc; path = SBJsonBase.m; sourceTree = "<group>"; };
		2D569E44159F26780029B6AA /* SBJsonParser.h */ = {isa = PBXFileReference; fileEncoding = 4; lastKnownFileType = sourcecode.c.h; path = SBJsonParser.h; sourceTree = "<group>"; };
		2D569E45159F26780029B6AA /* SBJsonParser.m */ = {isa = PBXFileReference; fileEncoding = 4; lastKnownFileType = sourcecode.c.objc; path = SBJsonParser.m; sourceTree = "<group>"; };
		2D569E46159F26780029B6AA /* SBJsonWriter.h */ = {isa = PBXFileReference; fileEncoding = 4; lastKnownFileType = sourcecode.c.h; path = SBJsonWriter.h; sourceTree = "<group>"; };
		2D569E47159F26780029B6AA /* SBJsonWriter.m */ = {isa = PBXFileReference; fileEncoding = 4; lastKnownFileType = sourcecode.c.objc; path = SBJsonWriter.m; sourceTree = "<group>"; };
		2D569E62159F30490029B6AA /* Reachability.h */ = {isa = PBXFileReference; fileEncoding = 4; lastKnownFileType = sourcecode.c.h; path = Reachability.h; sourceTree = "<group>"; };
		2D569E63159F30490029B6AA /* Reachability.m */ = {isa = PBXFileReference; fileEncoding = 4; lastKnownFileType = sourcecode.c.objc; path = Reachability.m; sourceTree = "<group>"; };
		2D877F0915762970007B3A5A /* Movie.m */ = {isa = PBXFileReference; fileEncoding = 4; lastKnownFileType = sourcecode.c.objc; path = Movie.m; sourceTree = "<group>"; };
		2D918AA5156DC9C200330AF2 /* Movie.h */ = {isa = PBXFileReference; fileEncoding = 4; lastKnownFileType = sourcecode.c.h; path = Movie.h; sourceTree = "<group>"; };
		2D918AA9156DC9D200330AF2 /* SimilarMovies.h */ = {isa = PBXFileReference; fileEncoding = 4; lastKnownFileType = sourcecode.c.h; path = SimilarMovies.h; sourceTree = "<group>"; };
		2D918AAA156DC9D200330AF2 /* SimilarMovies.m */ = {isa = PBXFileReference; fileEncoding = 4; lastKnownFileType = sourcecode.c.objc; path = SimilarMovies.m; sourceTree = "<group>"; };
		2D9F05901591BE27002DD160 /* Genre.h */ = {isa = PBXFileReference; fileEncoding = 4; lastKnownFileType = sourcecode.c.h; path = Genre.h; sourceTree = "<group>"; };
		2D9F05911591BE27002DD160 /* Genre.m */ = {isa = PBXFileReference; fileEncoding = 4; lastKnownFileType = sourcecode.c.objc; path = Genre.m; sourceTree = "<group>"; };
		2DB2BE13156680AC00D6E422 /* TmdbApiClient.h */ = {isa = PBXFileReference; fileEncoding = 4; lastKnownFileType = sourcecode.c.h; path = TmdbApiClient.h; sourceTree = "<group>"; };
		2DB2BE14156680AC00D6E422 /* TmdbApiClient.m */ = {isa = PBXFileReference; fileEncoding = 4; lastKnownFileType = sourcecode.c.objc; path = TmdbApiClient.m; sourceTree = "<group>"; };
		2DDA9B7D158C158F0060FF6A /* GameKit.framework */ = {isa = PBXFileReference; lastKnownFileType = wrapper.framework; name = GameKit.framework; path = System/Library/Frameworks/GameKit.framework; sourceTree = SDKROOT; };
		2DDA9B85158C50AF0060FF6A /* AppSpecificValues.h */ = {isa = PBXFileReference; fileEncoding = 4; lastKnownFileType = sourcecode.c.h; name = AppSpecificValues.h; path = Library/AppSpecificValues.h; sourceTree = "<group>"; };
		2DDA9B86158C50AF0060FF6A /* GameCenterManager.h */ = {isa = PBXFileReference; fileEncoding = 4; lastKnownFileType = sourcecode.c.h; name = GameCenterManager.h; path = Library/GameCenterManager.h; sourceTree = "<group>"; };
		2DDA9B87158C50AF0060FF6A /* GameCenterManager.m */ = {isa = PBXFileReference; fileEncoding = 4; lastKnownFileType = sourcecode.c.objc; lineEnding = 0; name = GameCenterManager.m; path = Library/GameCenterManager.m; sourceTree = "<group>"; xcLanguageSpecificationIdentifier = xcode.lang.objc; };
		2DDA9B97158D97790060FF6A /* iAd.framework */ = {isa = PBXFileReference; lastKnownFileType = wrapper.framework; name = iAd.framework; path = System/Library/Frameworks/iAd.framework; sourceTree = SDKROOT; };
		2DE191B71563AF18005FBF0A /* Tagline.app */ = {isa = PBXFileReference; explicitFileType = wrapper.application; includeInIndex = 0; path = Tagline.app; sourceTree = BUILT_PRODUCTS_DIR; };
		2DE191BB1563AF18005FBF0A /* UIKit.framework */ = {isa = PBXFileReference; lastKnownFileType = wrapper.framework; name = UIKit.framework; path = System/Library/Frameworks/UIKit.framework; sourceTree = SDKROOT; };
		2DE191BD1563AF18005FBF0A /* Foundation.framework */ = {isa = PBXFileReference; lastKnownFileType = wrapper.framework; name = Foundation.framework; path = System/Library/Frameworks/Foundation.framework; sourceTree = SDKROOT; };
		2DE191BF1563AF18005FBF0A /* CoreGraphics.framework */ = {isa = PBXFileReference; lastKnownFileType = wrapper.framework; name = CoreGraphics.framework; path = System/Library/Frameworks/CoreGraphics.framework; sourceTree = SDKROOT; };
		2DE191C31563AF18005FBF0A /* Tagline-Info.plist */ = {isa = PBXFileReference; lastKnownFileType = text.plist.xml; path = "Tagline-Info.plist"; sourceTree = "<group>"; };
		2DE191C51563AF18005FBF0A /* en */ = {isa = PBXFileReference; lastKnownFileType = text.plist.strings; name = en; path = en.lproj/InfoPlist.strings; sourceTree = "<group>"; };
		2DE191C71563AF18005FBF0A /* main.m */ = {isa = PBXFileReference; lastKnownFileType = sourcecode.c.objc; path = main.m; sourceTree = "<group>"; };
		2DE191C91563AF18005FBF0A /* Tagline-Prefix.pch */ = {isa = PBXFileReference; lastKnownFileType = sourcecode.c.h; path = "Tagline-Prefix.pch"; sourceTree = "<group>"; };
		2DE191CA1563AF18005FBF0A /* MatchMovieAppDelegate.h */ = {isa = PBXFileReference; lastKnownFileType = sourcecode.c.h; path = MatchMovieAppDelegate.h; sourceTree = "<group>"; };
		2DE191CB1563AF18005FBF0A /* MatchMovieAppDelegate.m */ = {isa = PBXFileReference; lastKnownFileType = sourcecode.c.objc; path = MatchMovieAppDelegate.m; sourceTree = "<group>"; };
		2DE191CE1563AF18005FBF0A /* en */ = {isa = PBXFileReference; lastKnownFileType = file.storyboard; name = en; path = en.lproj/MainStoryboard.storyboard; sourceTree = "<group>"; };
		2DE191D01563AF18005FBF0A /* MatchMovieViewController.h */ = {isa = PBXFileReference; lastKnownFileType = sourcecode.c.h; path = MatchMovieViewController.h; sourceTree = "<group>"; };
		2DE191D11563AF18005FBF0A /* MatchMovieViewController.m */ = {isa = PBXFileReference; lastKnownFileType = sourcecode.c.objc; path = MatchMovieViewController.m; sourceTree = "<group>"; };
		2DE191D81563C2F1005FBF0A /* GamePageViewController.h */ = {isa = PBXFileReference; fileEncoding = 4; lastKnownFileType = sourcecode.c.h; path = GamePageViewController.h; sourceTree = "<group>"; };
		2DE191D91563C2F1005FBF0A /* GamePageViewController.m */ = {isa = PBXFileReference; fileEncoding = 4; lastKnownFileType = sourcecode.c.objc; lineEnding = 0; path = GamePageViewController.m; sourceTree = "<group>"; xcLanguageSpecificationIdentifier = xcode.lang.objc; };
		2DE191DC1563ED1F005FBF0A /* AFHTTPClient.h */ = {isa = PBXFileReference; fileEncoding = 4; lastKnownFileType = sourcecode.c.h; path = AFHTTPClient.h; sourceTree = "<group>"; };
		2DE191DD1563ED1F005FBF0A /* AFHTTPClient.m */ = {isa = PBXFileReference; fileEncoding = 4; lastKnownFileType = sourcecode.c.objc; path = AFHTTPClient.m; sourceTree = "<group>"; };
		2DE191DE1563ED1F005FBF0A /* AFHTTPRequestOperation.h */ = {isa = PBXFileReference; fileEncoding = 4; lastKnownFileType = sourcecode.c.h; path = AFHTTPRequestOperation.h; sourceTree = "<group>"; };
		2DE191DF1563ED1F005FBF0A /* AFHTTPRequestOperation.m */ = {isa = PBXFileReference; fileEncoding = 4; lastKnownFileType = sourcecode.c.objc; lineEnding = 0; path = AFHTTPRequestOperation.m; sourceTree = "<group>"; xcLanguageSpecificationIdentifier = xcode.lang.objc; };
		2DE191E01563ED1F005FBF0A /* AFImageRequestOperation.h */ = {isa = PBXFileReference; fileEncoding = 4; lastKnownFileType = sourcecode.c.h; path = AFImageRequestOperation.h; sourceTree = "<group>"; };
		2DE191E11563ED1F005FBF0A /* AFImageRequestOperation.m */ = {isa = PBXFileReference; fileEncoding = 4; lastKnownFileType = sourcecode.c.objc; path = AFImageRequestOperation.m; sourceTree = "<group>"; };
		2DE191E21563ED1F005FBF0A /* AFJSONRequestOperation.h */ = {isa = PBXFileReference; fileEncoding = 4; lastKnownFileType = sourcecode.c.h; path = AFJSONRequestOperation.h; sourceTree = "<group>"; };
		2DE191E31563ED1F005FBF0A /* AFJSONRequestOperation.m */ = {isa = PBXFileReference; fileEncoding = 4; lastKnownFileType = sourcecode.c.objc; path = AFJSONRequestOperation.m; sourceTree = "<group>"; };
		2DE191E41563ED1F005FBF0A /* AFJSONUtilities.h */ = {isa = PBXFileReference; fileEncoding = 4; lastKnownFileType = sourcecode.c.h; path = AFJSONUtilities.h; sourceTree = "<group>"; };
		2DE191E51563ED1F005FBF0A /* AFJSONUtilities.m */ = {isa = PBXFileReference; fileEncoding = 4; lastKnownFileType = sourcecode.c.objc; path = AFJSONUtilities.m; sourceTree = "<group>"; };
		2DE191E61563ED1F005FBF0A /* AFNetworkActivityIndicatorManager.h */ = {isa = PBXFileReference; fileEncoding = 4; lastKnownFileType = sourcecode.c.h; path = AFNetworkActivityIndicatorManager.h; sourceTree = "<group>"; };
		2DE191E71563ED1F005FBF0A /* AFNetworkActivityIndicatorManager.m */ = {isa = PBXFileReference; fileEncoding = 4; lastKnownFileType = sourcecode.c.objc; path = AFNetworkActivityIndicatorManager.m; sourceTree = "<group>"; };
		2DE191E81563ED1F005FBF0A /* AFNetworking.h */ = {isa = PBXFileReference; fileEncoding = 4; lastKnownFileType = sourcecode.c.h; path = AFNetworking.h; sourceTree = "<group>"; };
		2DE191E91563ED1F005FBF0A /* AFPropertyListRequestOperation.h */ = {isa = PBXFileReference; fileEncoding = 4; lastKnownFileType = sourcecode.c.h; path = AFPropertyListRequestOperation.h; sourceTree = "<group>"; };
		2DE191EA1563ED1F005FBF0A /* AFPropertyListRequestOperation.m */ = {isa = PBXFileReference; fileEncoding = 4; lastKnownFileType = sourcecode.c.objc; path = AFPropertyListRequestOperation.m; sourceTree = "<group>"; };
		2DE191EB1563ED1F005FBF0A /* AFURLConnectionOperation.h */ = {isa = PBXFileReference; fileEncoding = 4; lastKnownFileType = sourcecode.c.h; path = AFURLConnectionOperation.h; sourceTree = "<group>"; };
		2DE191EC1563ED1F005FBF0A /* AFURLConnectionOperation.m */ = {isa = PBXFileReference; fileEncoding = 4; lastKnownFileType = sourcecode.c.objc; path = AFURLConnectionOperation.m; sourceTree = "<group>"; };
		2DE191ED1563ED1F005FBF0A /* AFXMLRequestOperation.h */ = {isa = PBXFileReference; fileEncoding = 4; lastKnownFileType = sourcecode.c.h; path = AFXMLRequestOperation.h; sourceTree = "<group>"; };
		2DE191EE1563ED1F005FBF0A /* AFXMLRequestOperation.m */ = {isa = PBXFileReference; fileEncoding = 4; lastKnownFileType = sourcecode.c.objc; path = AFXMLRequestOperation.m; sourceTree = "<group>"; };
		2DE191EF1563ED1F005FBF0A /* UIImageView+AFNetworking.h */ = {isa = PBXFileReference; fileEncoding = 4; lastKnownFileType = sourcecode.c.h; path = "UIImageView+AFNetworking.h"; sourceTree = "<group>"; };
		2DE191F01563ED1F005FBF0A /* UIImageView+AFNetworking.m */ = {isa = PBXFileReference; fileEncoding = 4; lastKnownFileType = sourcecode.c.objc; path = "UIImageView+AFNetworking.m"; sourceTree = "<group>"; };
		2DEC1B941597436C003A45A3 /* Default@2x.png */ = {isa = PBXFileReference; lastKnownFileType = image.png; path = "Default@2x.png"; sourceTree = "<group>"; };
		2DEC1B9815988223003A45A3 /* leaderBoardButtonImage.png */ = {isa = PBXFileReference; lastKnownFileType = image.png; path = leaderBoardButtonImage.png; sourceTree = "<group>"; };
		2DEC1B9A15988301003A45A3 /* achievementsButtonBackground.png */ = {isa = PBXFileReference; lastKnownFileType = image.png; path = achievementsButtonBackground.png; sourceTree = "<group>"; };
		2DEC1BA215989BDE003A45A3 /* AboutPageViewController.h */ = {isa = PBXFileReference; fileEncoding = 4; lastKnownFileType = sourcecode.c.h; path = AboutPageViewController.h; sourceTree = "<group>"; };
		2DEC1BA315989BDE003A45A3 /* AboutPageViewController.m */ = {isa = PBXFileReference; fileEncoding = 4; lastKnownFileType = sourcecode.c.objc; path = AboutPageViewController.m; sourceTree = "<group>"; };
		2DF1064615A19935001170CC /* Comments.h */ = {isa = PBXFileReference; fileEncoding = 4; lastKnownFileType = sourcecode.c.h; path = Comments.h; sourceTree = "<group>"; };
		2DF1064715A19935001170CC /* Comments.m */ = {isa = PBXFileReference; fileEncoding = 4; lastKnownFileType = sourcecode.c.objc; path = Comments.m; sourceTree = "<group>"; };
		2DF1064A15A1F31B001170CC /* leftBlock.png */ = {isa = PBXFileReference; lastKnownFileType = image.png; path = leftBlock.png; sourceTree = "<group>"; };
		2DF1064C15A1F326001170CC /* rightBlock.png */ = {isa = PBXFileReference; lastKnownFileType = image.png; path = rightBlock.png; sourceTree = "<group>"; };
		2DF1064E15A30674001170CC /* Default.png */ = {isa = PBXFileReference; lastKnownFileType = image.png; path = Default.png; sourceTree = "<group>"; };
		2DFAC5FF15A5ABF1004B6FA7 /* buttonBackgroundG.png */ = {isa = PBXFileReference; lastKnownFileType = image.png; path = buttonBackgroundG.png; sourceTree = "<group>"; };
/* End PBXFileReference section */

/* Begin PBXFrameworksBuildPhase section */
		2DE191B41563AF18005FBF0A /* Frameworks */ = {
			isa = PBXFrameworksBuildPhase;
			buildActionMask = 2147483647;
			files = (
				2D569E19159F23590029B6AA /* SystemConfiguration.framework in Frameworks */,
				2DDA9B98158D97790060FF6A /* iAd.framework in Frameworks */,
				2DDA9B7E158C158F0060FF6A /* GameKit.framework in Frameworks */,
				2D46A16A1588F69B00CCB8A7 /* QuartzCore.framework in Frameworks */,
				2D46A1681588F68800CCB8A7 /* CoreText.framework in Frameworks */,
				2DE191BC1563AF18005FBF0A /* UIKit.framework in Frameworks */,
				2DE191BE1563AF18005FBF0A /* Foundation.framework in Frameworks */,
				2DE191C01563AF18005FBF0A /* CoreGraphics.framework in Frameworks */,
			);
			runOnlyForDeploymentPostprocessing = 0;
		};
/* End PBXFrameworksBuildPhase section */

/* Begin PBXGroup section */
		2D2B41C6156933ED0034487E /* Assets */ = {
			isa = PBXGroup;
			children = (
				2D2B41C8156934150034487E /* appBackground.jpg */,
			);
			name = Assets;
			sourceTree = "<group>";
		};
		2D46A1601588F42300CCB8A7 /* Library */ = {
			isa = PBXGroup;
			children = (
				2D46A1611588F42300CCB8A7 /* AUIAnimatableLabel.h */,
				2D46A1621588F42300CCB8A7 /* AUIAnimatableLabel.m */,
				2D46A1631588F42300CCB8A7 /* UIFont+CoreTextExtensions.h */,
				2D46A1641588F42300CCB8A7 /* UIFont+CoreTextExtensions.m */,
			);
			path = Library;
			sourceTree = "<group>";
		};
		2D569E3A159F26780029B6AA /* JSON */ = {
			isa = PBXGroup;
			children = (
				2D569E3B159F26780029B6AA /* JSON.h */,
				2D569E3C159F26780029B6AA /* NSObject+SBJSON.h */,
				2D569E3D159F26780029B6AA /* NSObject+SBJSON.m */,
				2D569E3E159F26780029B6AA /* NSString+SBJSON.h */,
				2D569E3F159F26780029B6AA /* NSString+SBJSON.m */,
				2D569E40159F26780029B6AA /* SBJSON.h */,
				2D569E41159F26780029B6AA /* SBJSON.m */,
				2D569E42159F26780029B6AA /* SBJsonBase.h */,
				2D569E43159F26780029B6AA /* SBJsonBase.m */,
				2D569E44159F26780029B6AA /* SBJsonParser.h */,
				2D569E45159F26780029B6AA /* SBJsonParser.m */,
				2D569E46159F26780029B6AA /* SBJsonWriter.h */,
				2D569E47159F26780029B6AA /* SBJsonWriter.m */,
			);
			name = JSON;
			path = "../../../mm/MatchMovie/facebook-ios-sdk/JSON";
			sourceTree = "<group>";
		};
		2DDA9B84158C508E0060FF6A /* gamecenterFiles */ = {
			isa = PBXGroup;
			children = (
			);
			name = gamecenterFiles;
			path = Library;
			sourceTree = "<group>";
		};
		2DE191AC1563AF17005FBF0A = {
			isa = PBXGroup;
			children = (
				2D569E3A159F26780029B6AA /* JSON */,
				2D22B8A715A4865F00796C84 /* icon57.png */,
				2D22B8A515A4864F00796C84 /* icon114.png */,
				2DF1064E15A30674001170CC /* Default.png */,
				2D569E18159F23590029B6AA /* SystemConfiguration.framework */,
				2DEC1B941597436C003A45A3 /* Default@2x.png */,
				2DDA9B97158D97790060FF6A /* iAd.framework */,
				2DDA9B85158C50AF0060FF6A /* AppSpecificValues.h */,
				2DDA9B86158C50AF0060FF6A /* GameCenterManager.h */,
				2DDA9B87158C50AF0060FF6A /* GameCenterManager.m */,
				2DDA9B84158C508E0060FF6A /* gamecenterFiles */,
				2DDA9B7D158C158F0060FF6A /* GameKit.framework */,
				2D46A1691588F69B00CCB8A7 /* QuartzCore.framework */,
				2D46A1671588F68800CCB8A7 /* CoreText.framework */,
				2D46A1601588F42300CCB8A7 /* Library */,
				2D3D06F315A34D7B00B3A70C /* splash.png */,
				2D3D06F615A34DA900B3A70C /* splash2.png */,
				2D3D06F815A34DB100B3A70C /* backgroundNew.png */,
				2DEC1B9815988223003A45A3 /* leaderBoardButtonImage.png */,
				2DEC1B9A15988301003A45A3 /* achievementsButtonBackground.png */,
				2D50D98D1599FF5A0099DDE3 /* backgroundTwo.png */,
				2DF1064A15A1F31B001170CC /* leftBlock.png */,
				2DF1064C15A1F326001170CC /* rightBlock.png */,
				2DFAC5FF15A5ABF1004B6FA7 /* buttonBackgroundG.png */,
				2D569E14159F1AE50029B6AA /* newBackgroundTwo.png */,
				2D569E16159F1BBB0029B6AA /* newBackgroundThree.png */,
				2D2B41C6156933ED0034487E /* Assets */,
				2DE191DB1563ED1F005FBF0A /* AFNetworking */,
				2DE191C11563AF18005FBF0A /* MatchMovie */,
				2DE191BA1563AF18005FBF0A /* Frameworks */,
				2DE191B81563AF18005FBF0A /* Products */,
			);
			sourceTree = "<group>";
		};
		2DE191B81563AF18005FBF0A /* Products */ = {
			isa = PBXGroup;
			children = (
				2DE191B71563AF18005FBF0A /* Tagline.app */,
			);
			name = Products;
			sourceTree = "<group>";
		};
		2DE191BA1563AF18005FBF0A /* Frameworks */ = {
			isa = PBXGroup;
			children = (
				2DE191BB1563AF18005FBF0A /* UIKit.framework */,
				2DE191BD1563AF18005FBF0A /* Foundation.framework */,
				2DE191BF1563AF18005FBF0A /* CoreGraphics.framework */,
			);
			name = Frameworks;
			sourceTree = "<group>";
		};
		2DE191C11563AF18005FBF0A /* MatchMovie */ = {
			isa = PBXGroup;
			children = (
				2D569E10159F12850029B6AA /* filteredMovies.json */,
				2DE191CD1563AF18005FBF0A /* MainStoryboard.storyboard */,
				2DE191CA1563AF18005FBF0A /* MatchMovieAppDelegate.h */,
				2DE191CB1563AF18005FBF0A /* MatchMovieAppDelegate.m */,
				2DEC1BA215989BDE003A45A3 /* AboutPageViewController.h */,
				2DEC1BA315989BDE003A45A3 /* AboutPageViewController.m */,
				2DE191D01563AF18005FBF0A /* MatchMovieViewController.h */,
				2DE191D11563AF18005FBF0A /* MatchMovieViewController.m */,
				2DE191D81563C2F1005FBF0A /* GamePageViewController.h */,
				2DE191D91563C2F1005FBF0A /* GamePageViewController.m */,
				2DF1064615A19935001170CC /* Comments.h */,
				2DF1064715A19935001170CC /* Comments.m */,
				2DE191C21563AF18005FBF0A /* Supporting Files */,
				2DB2BE13156680AC00D6E422 /* TmdbApiClient.h */,
				2DB2BE14156680AC00D6E422 /* TmdbApiClient.m */,
				2D918AA5156DC9C200330AF2 /* Movie.h */,
				2D877F0915762970007B3A5A /* Movie.m */,
				2D918AA9156DC9D200330AF2 /* SimilarMovies.h */,
				2D918AAA156DC9D200330AF2 /* SimilarMovies.m */,
				2D9F05901591BE27002DD160 /* Genre.h */,
				2D9F05911591BE27002DD160 /* Genre.m */,
			);
			path = MatchMovie;
			sourceTree = "<group>";
		};
		2DE191C21563AF18005FBF0A /* Supporting Files */ = {
			isa = PBXGroup;
			children = (
				2DE191C31563AF18005FBF0A /* Tagline-Info.plist */,
				2DE191C41563AF18005FBF0A /* InfoPlist.strings */,
				2DE191C71563AF18005FBF0A /* main.m */,
				2DE191C91563AF18005FBF0A /* Tagline-Prefix.pch */,
			);
			name = "Supporting Files";
			sourceTree = "<group>";
		};
		2DE191DB1563ED1F005FBF0A /* AFNetworking */ = {
			isa = PBXGroup;
			children = (
				2D569E62159F30490029B6AA /* Reachability.h */,
				2D569E63159F30490029B6AA /* Reachability.m */,
				2DE191DC1563ED1F005FBF0A /* AFHTTPClient.h */,
				2DE191DD1563ED1F005FBF0A /* AFHTTPClient.m */,
				2DE191DE1563ED1F005FBF0A /* AFHTTPRequestOperation.h */,
				2DE191DF1563ED1F005FBF0A /* AFHTTPRequestOperation.m */,
				2DE191E01563ED1F005FBF0A /* AFImageRequestOperation.h */,
				2DE191E11563ED1F005FBF0A /* AFImageRequestOperation.m */,
				2DE191E21563ED1F005FBF0A /* AFJSONRequestOperation.h */,
				2DE191E31563ED1F005FBF0A /* AFJSONRequestOperation.m */,
				2DE191E41563ED1F005FBF0A /* AFJSONUtilities.h */,
				2DE191E51563ED1F005FBF0A /* AFJSONUtilities.m */,
				2DE191E61563ED1F005FBF0A /* AFNetworkActivityIndicatorManager.h */,
				2DE191E71563ED1F005FBF0A /* AFNetworkActivityIndicatorManager.m */,
				2DE191E81563ED1F005FBF0A /* AFNetworking.h */,
				2DE191E91563ED1F005FBF0A /* AFPropertyListRequestOperation.h */,
				2DE191EA1563ED1F005FBF0A /* AFPropertyListRequestOperation.m */,
				2DE191EB1563ED1F005FBF0A /* AFURLConnectionOperation.h */,
				2DE191EC1563ED1F005FBF0A /* AFURLConnectionOperation.m */,
				2DE191ED1563ED1F005FBF0A /* AFXMLRequestOperation.h */,
				2DE191EE1563ED1F005FBF0A /* AFXMLRequestOperation.m */,
				2DE191EF1563ED1F005FBF0A /* UIImageView+AFNetworking.h */,
				2DE191F01563ED1F005FBF0A /* UIImageView+AFNetworking.m */,
			);
			path = AFNetworking;
			sourceTree = "<group>";
		};
/* End PBXGroup section */

/* Begin PBXNativeTarget section */
		2DE191B61563AF18005FBF0A /* Tagline */ = {
			isa = PBXNativeTarget;
			buildConfigurationList = 2DE191D51563AF18005FBF0A /* Build configuration list for PBXNativeTarget "Tagline" */;
			buildPhases = (
				2DE191B31563AF18005FBF0A /* Sources */,
				2DE191B41563AF18005FBF0A /* Frameworks */,
				2DE191B51563AF18005FBF0A /* Resources */,
			);
			buildRules = (
			);
			dependencies = (
			);
			name = Tagline;
			productName = MatchMovie;
			productReference = 2DE191B71563AF18005FBF0A /* Tagline.app */;
			productType = "com.apple.product-type.application";
		};
/* End PBXNativeTarget section */

/* Begin PBXProject section */
		2DE191AE1563AF17005FBF0A /* Project object */ = {
			isa = PBXProject;
			attributes = {
				CLASSPREFIX = MatchMovie;
				LastUpgradeCheck = 0430;
			};
			buildConfigurationList = 2DE191B11563AF17005FBF0A /* Build configuration list for PBXProject "Tagline" */;
			compatibilityVersion = "Xcode 3.2";
			developmentRegion = English;
			hasScannedForEncodings = 0;
			knownRegions = (
				en,
			);
			mainGroup = 2DE191AC1563AF17005FBF0A;
			productRefGroup = 2DE191B81563AF18005FBF0A /* Products */;
			projectDirPath = "";
			projectRoot = "";
			targets = (
				2DE191B61563AF18005FBF0A /* Tagline */,
			);
		};
/* End PBXProject section */

/* Begin PBXResourcesBuildPhase section */
		2DE191B51563AF18005FBF0A /* Resources */ = {
			isa = PBXResourcesBuildPhase;
			buildActionMask = 2147483647;
			files = (
				2DE191C61563AF18005FBF0A /* InfoPlist.strings in Resources */,
				2DE191CF1563AF18005FBF0A /* MainStoryboard.storyboard in Resources */,
				2D2B41C9156934150034487E /* appBackground.jpg in Resources */,
				2DEC1B951597436D003A45A3 /* Default@2x.png in Resources */,
				2DEC1B9915988223003A45A3 /* leaderBoardButtonImage.png in Resources */,
				2DEC1B9B15988301003A45A3 /* achievementsButtonBackground.png in Resources */,
				2D50D98E1599FF5A0099DDE3 /* backgroundTwo.png in Resources */,
				2D569E11159F12860029B6AA /* filteredMovies.json in Resources */,
				2D569E15159F1AE50029B6AA /* newBackgroundTwo.png in Resources */,
				2D569E17159F1BBB0029B6AA /* newBackgroundThree.png in Resources */,
				2DF1064B15A1F31B001170CC /* leftBlock.png in Resources */,
				2DF1064D15A1F326001170CC /* rightBlock.png in Resources */,
				2DF1064F15A30674001170CC /* Default.png in Resources */,
				2D3D06F415A34D7B00B3A70C /* splash.png in Resources */,
				2D3D06F715A34DA900B3A70C /* splash2.png in Resources */,
				2D3D06F915A34DB100B3A70C /* backgroundNew.png in Resources */,
				2D22B8A615A4864F00796C84 /* icon114.png in Resources */,
				2D22B8A815A4865F00796C84 /* icon57.png in Resources */,
				2DFAC60015A5ABF1004B6FA7 /* buttonBackgroundG.png in Resources */,
			);
			runOnlyForDeploymentPostprocessing = 0;
		};
/* End PBXResourcesBuildPhase section */

/* Begin PBXSourcesBuildPhase section */
		2DE191B31563AF18005FBF0A /* Sources */ = {
			isa = PBXSourcesBuildPhase;
			buildActionMask = 2147483647;
			files = (
				2DE191C81563AF18005FBF0A /* main.m in Sources */,
				2DE191CC1563AF18005FBF0A /* MatchMovieAppDelegate.m in Sources */,
				2DE191D21563AF18005FBF0A /* MatchMovieViewController.m in Sources */,
				2DE191DA1563C2F1005FBF0A /* GamePageViewController.m in Sources */,
				2DE191F11563ED1F005FBF0A /* AFHTTPClient.m in Sources */,
				2DE191F21563ED1F005FBF0A /* AFHTTPRequestOperation.m in Sources */,
				2DE191F31563ED1F005FBF0A /* AFImageRequestOperation.m in Sources */,
				2DE191F41563ED1F005FBF0A /* AFJSONRequestOperation.m in Sources */,
				2DE191F51563ED1F005FBF0A /* AFJSONUtilities.m in Sources */,
				2DE191F61563ED1F005FBF0A /* AFNetworkActivityIndicatorManager.m in Sources */,
				2DE191F71563ED1F005FBF0A /* AFPropertyListRequestOperation.m in Sources */,
				2DE191F81563ED1F005FBF0A /* AFURLConnectionOperation.m in Sources */,
				2DE191F91563ED1F005FBF0A /* AFXMLRequestOperation.m in Sources */,
				2DE191FA1563ED1F005FBF0A /* UIImageView+AFNetworking.m in Sources */,
				2DB2BE15156680AC00D6E422 /* TmdbApiClient.m in Sources */,
				2D918AAB156DC9D200330AF2 /* SimilarMovies.m in Sources */,
				2D877F0A15762970007B3A5A /* Movie.m in Sources */,
				2D46A1651588F42300CCB8A7 /* AUIAnimatableLabel.m in Sources */,
				2D46A1661588F42300CCB8A7 /* UIFont+CoreTextExtensions.m in Sources */,
				2DDA9B88158C50AF0060FF6A /* GameCenterManager.m in Sources */,
				2D9F05921591BE27002DD160 /* Genre.m in Sources */,
				2DEC1BA415989BDE003A45A3 /* AboutPageViewController.m in Sources */,
				2D569E4E159F26780029B6AA /* NSObject+SBJSON.m in Sources */,
				2D569E4F159F26780029B6AA /* NSString+SBJSON.m in Sources */,
				2D569E50159F26780029B6AA /* SBJSON.m in Sources */,
				2D569E51159F26780029B6AA /* SBJsonBase.m in Sources */,
				2D569E52159F26780029B6AA /* SBJsonParser.m in Sources */,
				2D569E53159F26780029B6AA /* SBJsonWriter.m in Sources */,
				2D569E64159F30490029B6AA /* Reachability.m in Sources */,
				2DF1064815A19935001170CC /* Comments.m in Sources */,
			);
			runOnlyForDeploymentPostprocessing = 0;
		};
/* End PBXSourcesBuildPhase section */

/* Begin PBXVariantGroup section */
		2DE191C41563AF18005FBF0A /* InfoPlist.strings */ = {
			isa = PBXVariantGroup;
			children = (
				2DE191C51563AF18005FBF0A /* en */,
			);
			name = InfoPlist.strings;
			sourceTree = "<group>";
		};
		2DE191CD1563AF18005FBF0A /* MainStoryboard.storyboard */ = {
			isa = PBXVariantGroup;
			children = (
				2DE191CE1563AF18005FBF0A /* en */,
			);
			name = MainStoryboard.storyboard;
			sourceTree = "<group>";
		};
/* End PBXVariantGroup section */

/* Begin XCBuildConfiguration section */
		2DE191D31563AF18005FBF0A /* Debug */ = {
			isa = XCBuildConfiguration;
			buildSettings = {
				ALWAYS_SEARCH_USER_PATHS = NO;
				ARCHS = "$(ARCHS_STANDARD_32_BIT)";
				CLANG_ENABLE_OBJC_ARC = YES;
				"CODE_SIGN_IDENTITY[sdk=iphoneos*]" = "iPhone Developer";
				COPY_PHASE_STRIP = NO;
				GCC_C_LANGUAGE_STANDARD = gnu99;
				GCC_DYNAMIC_NO_PIC = NO;
				GCC_OPTIMIZATION_LEVEL = 0;
				GCC_PREPROCESSOR_DEFINITIONS = (
					"DEBUG=1",
					"$(inherited)",
				);
				GCC_SYMBOLS_PRIVATE_EXTERN = NO;
				GCC_VERSION = com.apple.compilers.llvm.clang.1_0;
				GCC_WARN_ABOUT_RETURN_TYPE = YES;
				GCC_WARN_UNINITIALIZED_AUTOS = YES;
				GCC_WARN_UNUSED_VARIABLE = YES;
				IPHONEOS_DEPLOYMENT_TARGET = 5.1;
				ONLY_ACTIVE_ARCH = NO;
				SDKROOT = iphoneos;
				TARGETED_DEVICE_FAMILY = 1;
			};
			name = Debug;
		};
		2DE191D41563AF18005FBF0A /* Release */ = {
			isa = XCBuildConfiguration;
			buildSettings = {
				ALWAYS_SEARCH_USER_PATHS = NO;
				ARCHS = "$(ARCHS_STANDARD_32_BIT)";
				CLANG_ENABLE_OBJC_ARC = YES;
				"CODE_SIGN_IDENTITY[sdk=iphoneos*]" = "iPhone Developer";
				COPY_PHASE_STRIP = YES;
				GCC_C_LANGUAGE_STANDARD = gnu99;
				GCC_VERSION = com.apple.compilers.llvm.clang.1_0;
				GCC_WARN_ABOUT_RETURN_TYPE = YES;
				GCC_WARN_UNINITIALIZED_AUTOS = YES;
				GCC_WARN_UNUSED_VARIABLE = YES;
				IPHONEOS_DEPLOYMENT_TARGET = 5.1;
				ONLY_ACTIVE_ARCH = NO;
				OTHER_CFLAGS = "-DNS_BLOCK_ASSERTIONS=1";
				SDKROOT = iphoneos;
				TARGETED_DEVICE_FAMILY = 1;
				VALIDATE_PRODUCT = YES;
			};
			name = Release;
		};
		2DE191D61563AF18005FBF0A /* Debug */ = {
			isa = XCBuildConfiguration;
			buildSettings = {
				FRAMEWORK_SEARCH_PATHS = (
					"$(inherited)",
					"\"$(SRCROOT)\"",
				);
				GCC_PRECOMPILE_PREFIX_HEADER = YES;
				GCC_PREFIX_HEADER = "MatchMovie/Tagline-Prefix.pch";
				INFOPLIST_FILE = "MatchMovie/Tagline-Info.plist";
				LIBRARY_SEARCH_PATHS = (
					"$(inherited)",
					"\"$(SRCROOT)/facebook-ios-sdk\"",
				);
				PRODUCT_NAME = Tagline;
				WRAPPER_EXTENSION = app;
			};
			name = Debug;
		};
		2DE191D71563AF18005FBF0A /* Release */ = {
			isa = XCBuildConfiguration;
			buildSettings = {
				FRAMEWORK_SEARCH_PATHS = (
					"$(inherited)",
					"\"$(SRCROOT)\"",
				);
				GCC_PRECOMPILE_PREFIX_HEADER = YES;
				GCC_PREFIX_HEADER = "MatchMovie/Tagline-Prefix.pch";
				INFOPLIST_FILE = "MatchMovie/Tagline-Info.plist";
				LIBRARY_SEARCH_PATHS = (
					"$(inherited)",
					"\"$(SRCROOT)/facebook-ios-sdk\"",
				);
				PRODUCT_NAME = Tagline;
				WRAPPER_EXTENSION = app;
			};
			name = Release;
		};
/* End XCBuildConfiguration section */

/* Begin XCConfigurationList section */
		2DE191B11563AF17005FBF0A /* Build configuration list for PBXProject "Tagline" */ = {
			isa = XCConfigurationList;
			buildConfigurations = (
				2DE191D31563AF18005FBF0A /* Debug */,
				2DE191D41563AF18005FBF0A /* Release */,
			);
			defaultConfigurationIsVisible = 0;
			defaultConfigurationName = Release;
		};
		2DE191D51563AF18005FBF0A /* Build configuration list for PBXNativeTarget "Tagline" */ = {
			isa = XCConfigurationList;
			buildConfigurations = (
				2DE191D61563AF18005FBF0A /* Debug */,
				2DE191D71563AF18005FBF0A /* Release */,
			);
			defaultConfigurationIsVisible = 0;
			defaultConfigurationName = Release;
		};
/* End XCConfigurationList section */
	};
	rootObject = 2DE191AE1563AF17005FBF0A /* Project object */;
}
